// !$*UTF8*$!
{
	archiveVersion = 1;
	classes = {
	};
	objectVersion = 56;
	objects = {

/* Begin PBXBuildFile section */
		D62E36E52AC6E8D0008F80D8 /* GoogleService-Info.plist in Resources */ = {isa = PBXBuildFile; fileRef = D62E36E42AC6E8D0008F80D8 /* GoogleService-Info.plist */; };
		D62E36E82AC6E9F9008F80D8 /* FirebaseFirestoreSwift in Frameworks */ = {isa = PBXBuildFile; productRef = D62E36E72AC6E9F9008F80D8 /* FirebaseFirestoreSwift */; };
		D642F5D72AC9C2AE009F76BC /* ProductsDatabase.swift in Sources */ = {isa = PBXBuildFile; fileRef = D642F5D62AC9C2AE009F76BC /* ProductsDatabase.swift */; };
		D642F5DA2AC9C526009F76BC /* ProductsView.swift in Sources */ = {isa = PBXBuildFile; fileRef = D642F5D92AC9C526009F76BC /* ProductsView.swift */; };
		D642F5DC2AC9C8FB009F76BC /* ProductManager.swift in Sources */ = {isa = PBXBuildFile; fileRef = D642F5DB2AC9C8FB009F76BC /* ProductManager.swift */; };
		D642F5DF2AC9D5BB009F76BC /* ProductCellView.swift in Sources */ = {isa = PBXBuildFile; fileRef = D642F5DE2AC9D5BB009F76BC /* ProductCellView.swift */; };
		D65B16472ABAA40F008E0CF3 /* SwiftUIFirebaseApp.swift in Sources */ = {isa = PBXBuildFile; fileRef = D65B16462ABAA40F008E0CF3 /* SwiftUIFirebaseApp.swift */; };
		D65B16492ABAA40F008E0CF3 /* ContentView.swift in Sources */ = {isa = PBXBuildFile; fileRef = D65B16482ABAA40F008E0CF3 /* ContentView.swift */; };
		D65B164B2ABAA410008E0CF3 /* Assets.xcassets in Resources */ = {isa = PBXBuildFile; fileRef = D65B164A2ABAA410008E0CF3 /* Assets.xcassets */; };
		D65B164E2ABAA410008E0CF3 /* Preview Assets.xcassets in Resources */ = {isa = PBXBuildFile; fileRef = D65B164D2ABAA410008E0CF3 /* Preview Assets.xcassets */; };
		D65B16582ABAA797008E0CF3 /* FirebaseAnalytics in Frameworks */ = {isa = PBXBuildFile; productRef = D65B16572ABAA797008E0CF3 /* FirebaseAnalytics */; };
		D65B165A2ABAA797008E0CF3 /* FirebaseAnalyticsSwift in Frameworks */ = {isa = PBXBuildFile; productRef = D65B16592ABAA797008E0CF3 /* FirebaseAnalyticsSwift */; };
		D65B165C2ABAA797008E0CF3 /* FirebaseAuth in Frameworks */ = {isa = PBXBuildFile; productRef = D65B165B2ABAA797008E0CF3 /* FirebaseAuth */; };
		D65B16602ABAA911008E0CF3 /* AuthenticationView.swift in Sources */ = {isa = PBXBuildFile; fileRef = D65B165F2ABAA911008E0CF3 /* AuthenticationView.swift */; };
		D65B16622ABAA94F008E0CF3 /* SignInEmailView.swift in Sources */ = {isa = PBXBuildFile; fileRef = D65B16612ABAA94F008E0CF3 /* SignInEmailView.swift */; };
		D65B16642ABAA978008E0CF3 /* RootView.swift in Sources */ = {isa = PBXBuildFile; fileRef = D65B16632ABAA978008E0CF3 /* RootView.swift */; };
		D65B16662ABAA9A2008E0CF3 /* SettingsView.swift in Sources */ = {isa = PBXBuildFile; fileRef = D65B16652ABAA9A2008E0CF3 /* SettingsView.swift */; };
		D65B16682ABAAA24008E0CF3 /* AuthenticationManager.swift in Sources */ = {isa = PBXBuildFile; fileRef = D65B16672ABAAA24008E0CF3 /* AuthenticationManager.swift */; };
		D65B166B2ABAE1CC008E0CF3 /* GoogleSignIn in Frameworks */ = {isa = PBXBuildFile; productRef = D65B166A2ABAE1CC008E0CF3 /* GoogleSignIn */; };
		D65B166D2ABAE1CC008E0CF3 /* GoogleSignInSwift in Frameworks */ = {isa = PBXBuildFile; productRef = D65B166C2ABAE1CC008E0CF3 /* GoogleSignInSwift */; };
		D65B16712ABAF97B008E0CF3 /* FirebaseFirestore in Frameworks */ = {isa = PBXBuildFile; productRef = D65B16702ABAF97B008E0CF3 /* FirebaseFirestore */; };
		D65B16752ABAFEA3008E0CF3 /* SignInViewModel.swift in Sources */ = {isa = PBXBuildFile; fileRef = D65B16742ABAFEA3008E0CF3 /* SignInViewModel.swift */; };
		D65B16782ABAFF77008E0CF3 /* SettingsViewModel.swift in Sources */ = {isa = PBXBuildFile; fileRef = D65B16772ABAFF77008E0CF3 /* SettingsViewModel.swift */; };
		D65B167B2ABAFFE2008E0CF3 /* ProfileView.swift in Sources */ = {isa = PBXBuildFile; fileRef = D65B167A2ABAFFE2008E0CF3 /* ProfileView.swift */; };
		D65B167E2ABB060B008E0CF3 /* UserManager.swift in Sources */ = {isa = PBXBuildFile; fileRef = D65B167D2ABB060B008E0CF3 /* UserManager.swift */; };
		D65B16802ABB0C1A008E0CF3 /* AuthenticationViewModel.swift in Sources */ = {isa = PBXBuildFile; fileRef = D65B167F2ABB0C1A008E0CF3 /* AuthenticationViewModel.swift */; };
		D6C83F902AC2FBC800357C25 /* Utitlities.swift in Sources */ = {isa = PBXBuildFile; fileRef = D6C83F8F2AC2FBC800357C25 /* Utitlities.swift */; };
		D6C83F922AC30C2E00357C25 /* SignInGoogleHelper.swift in Sources */ = {isa = PBXBuildFile; fileRef = D6C83F912AC30C2E00357C25 /* SignInGoogleHelper.swift */; };
/* End PBXBuildFile section */

/* Begin PBXFileReference section */
		D62E36E42AC6E8D0008F80D8 /* GoogleService-Info.plist */ = {isa = PBXFileReference; fileEncoding = 4; lastKnownFileType = text.plist.xml; name = "GoogleService-Info.plist"; path = "../../../../../Downloads/GoogleService-Info.plist"; sourceTree = "<group>"; };
		D642F5D62AC9C2AE009F76BC /* ProductsDatabase.swift */ = {isa = PBXFileReference; lastKnownFileType = sourcecode.swift; path = ProductsDatabase.swift; sourceTree = "<group>"; };
		D642F5D92AC9C526009F76BC /* ProductsView.swift */ = {isa = PBXFileReference; lastKnownFileType = sourcecode.swift; path = ProductsView.swift; sourceTree = "<group>"; };
		D642F5DB2AC9C8FB009F76BC /* ProductManager.swift */ = {isa = PBXFileReference; lastKnownFileType = sourcecode.swift; path = ProductManager.swift; sourceTree = "<group>"; };
		D642F5DE2AC9D5BB009F76BC /* ProductCellView.swift */ = {isa = PBXFileReference; lastKnownFileType = sourcecode.swift; path = ProductCellView.swift; sourceTree = "<group>"; };
		D65B16432ABAA40F008E0CF3 /* SwiftUIFirebase.app */ = {isa = PBXFileReference; explicitFileType = wrapper.application; includeInIndex = 0; path = SwiftUIFirebase.app; sourceTree = BUILT_PRODUCTS_DIR; };
		D65B16462ABAA40F008E0CF3 /* SwiftUIFirebaseApp.swift */ = {isa = PBXFileReference; lastKnownFileType = sourcecode.swift; path = SwiftUIFirebaseApp.swift; sourceTree = "<group>"; };
		D65B16482ABAA40F008E0CF3 /* ContentView.swift */ = {isa = PBXFileReference; lastKnownFileType = sourcecode.swift; path = ContentView.swift; sourceTree = "<group>"; };
		D65B164A2ABAA410008E0CF3 /* Assets.xcassets */ = {isa = PBXFileReference; lastKnownFileType = folder.assetcatalog; path = Assets.xcassets; sourceTree = "<group>"; };
		D65B164D2ABAA410008E0CF3 /* Preview Assets.xcassets */ = {isa = PBXFileReference; lastKnownFileType = folder.assetcatalog; path = "Preview Assets.xcassets"; sourceTree = "<group>"; };
		D65B165F2ABAA911008E0CF3 /* AuthenticationView.swift */ = {isa = PBXFileReference; lastKnownFileType = sourcecode.swift; path = AuthenticationView.swift; sourceTree = "<group>"; };
		D65B16612ABAA94F008E0CF3 /* SignInEmailView.swift */ = {isa = PBXFileReference; lastKnownFileType = sourcecode.swift; path = SignInEmailView.swift; sourceTree = "<group>"; };
		D65B16632ABAA978008E0CF3 /* RootView.swift */ = {isa = PBXFileReference; lastKnownFileType = sourcecode.swift; path = RootView.swift; sourceTree = "<group>"; };
		D65B16652ABAA9A2008E0CF3 /* SettingsView.swift */ = {isa = PBXFileReference; lastKnownFileType = sourcecode.swift; path = SettingsView.swift; sourceTree = "<group>"; };
		D65B16672ABAAA24008E0CF3 /* AuthenticationManager.swift */ = {isa = PBXFileReference; lastKnownFileType = sourcecode.swift; path = AuthenticationManager.swift; sourceTree = "<group>"; };
		D65B16742ABAFEA3008E0CF3 /* SignInViewModel.swift */ = {isa = PBXFileReference; lastKnownFileType = sourcecode.swift; path = SignInViewModel.swift; sourceTree = "<group>"; };
		D65B16772ABAFF77008E0CF3 /* SettingsViewModel.swift */ = {isa = PBXFileReference; lastKnownFileType = sourcecode.swift; path = SettingsViewModel.swift; sourceTree = "<group>"; };
		D65B167A2ABAFFE2008E0CF3 /* ProfileView.swift */ = {isa = PBXFileReference; lastKnownFileType = sourcecode.swift; path = ProfileView.swift; sourceTree = "<group>"; };
		D65B167D2ABB060B008E0CF3 /* UserManager.swift */ = {isa = PBXFileReference; lastKnownFileType = sourcecode.swift; path = UserManager.swift; sourceTree = "<group>"; };
		D65B167F2ABB0C1A008E0CF3 /* AuthenticationViewModel.swift */ = {isa = PBXFileReference; lastKnownFileType = sourcecode.swift; path = AuthenticationViewModel.swift; sourceTree = "<group>"; };
		D6C83F8F2AC2FBC800357C25 /* Utitlities.swift */ = {isa = PBXFileReference; lastKnownFileType = sourcecode.swift; path = Utitlities.swift; sourceTree = "<group>"; };
		D6C83F912AC30C2E00357C25 /* SignInGoogleHelper.swift */ = {isa = PBXFileReference; lastKnownFileType = sourcecode.swift; path = SignInGoogleHelper.swift; sourceTree = "<group>"; };
/* End PBXFileReference section */

/* Begin PBXFrameworksBuildPhase section */
		D65B16402ABAA40F008E0CF3 /* Frameworks */ = {
			isa = PBXFrameworksBuildPhase;
			buildActionMask = 2147483647;
			files = (
				D65B166D2ABAE1CC008E0CF3 /* GoogleSignInSwift in Frameworks */,
				D65B165A2ABAA797008E0CF3 /* FirebaseAnalyticsSwift in Frameworks */,
				D65B166B2ABAE1CC008E0CF3 /* GoogleSignIn in Frameworks */,
				D62E36E82AC6E9F9008F80D8 /* FirebaseFirestoreSwift in Frameworks */,
				D65B165C2ABAA797008E0CF3 /* FirebaseAuth in Frameworks */,
				D65B16582ABAA797008E0CF3 /* FirebaseAnalytics in Frameworks */,
				D65B16712ABAF97B008E0CF3 /* FirebaseFirestore in Frameworks */,
			);
			runOnlyForDeploymentPostprocessing = 0;
		};
/* End PBXFrameworksBuildPhase section */

/* Begin PBXGroup section */
		D61C94A92AC08205000562E9 /* Root */ = {
			isa = PBXGroup;
			children = (
				D65B16482ABAA40F008E0CF3 /* ContentView.swift */,
				D65B16632ABAA978008E0CF3 /* RootView.swift */,
			);
			path = Root;
			sourceTree = "<group>";
		};
		D62E36E22AC6E746008F80D8 /* App */ = {
			isa = PBXGroup;
			children = (
				D62E36E42AC6E8D0008F80D8 /* GoogleService-Info.plist */,
				D65B16462ABAA40F008E0CF3 /* SwiftUIFirebaseApp.swift */,
			);
			path = App;
			sourceTree = "<group>";
		};
		D62E36E62AC6E935008F80D8 /* Helper */ = {
			isa = PBXGroup;
			children = (
				D6C83F912AC30C2E00357C25 /* SignInGoogleHelper.swift */,
			);
			path = Helper;
			sourceTree = "<group>";
		};
		D642F5D82AC9C509009F76BC /* Products */ = {
			isa = PBXGroup;
			children = (
				D642F5DD2AC9D596009F76BC /* SubViews */,
				D642F5D92AC9C526009F76BC /* ProductsView.swift */,
			);
			path = Products;
			sourceTree = "<group>";
		};
		D642F5DD2AC9D596009F76BC /* SubViews */ = {
			isa = PBXGroup;
			children = (
				D642F5DE2AC9D5BB009F76BC /* ProductCellView.swift */,
			);
			path = SubViews;
			sourceTree = "<group>";
		};
		D65B163A2ABAA40F008E0CF3 = {
			isa = PBXGroup;
			children = (
				D65B16452ABAA40F008E0CF3 /* SwiftUIFirebase */,
				D65B16442ABAA40F008E0CF3 /* Products */,
				D65B166F2ABAF97A008E0CF3 /* Frameworks */,
			);
			sourceTree = "<group>";
		};
		D65B16442ABAA40F008E0CF3 /* Products */ = {
			isa = PBXGroup;
			children = (
				D65B16432ABAA40F008E0CF3 /* SwiftUIFirebase.app */,
			);
			name = Products;
			sourceTree = "<group>";
		};
		D65B16452ABAA40F008E0CF3 /* SwiftUIFirebase */ = {
			isa = PBXGroup;
			children = (
				D62E36E22AC6E746008F80D8 /* App */,
				D6C83F8E2AC2FB9600357C25 /* Utilities */,
				D65B16722ABAFA00008E0CF3 /* Core */,
				D65B164A2ABAA410008E0CF3 /* Assets.xcassets */,
				D65B164C2ABAA410008E0CF3 /* Preview Content */,
			);
			path = SwiftUIFirebase;
			sourceTree = "<group>";
		};
		D65B164C2ABAA410008E0CF3 /* Preview Content */ = {
			isa = PBXGroup;
			children = (
				D65B164D2ABAA410008E0CF3 /* Preview Assets.xcassets */,
			);
			path = "Preview Content";
			sourceTree = "<group>";
		};
		D65B165D2ABAA8CE008E0CF3 /* Authentication */ = {
			isa = PBXGroup;
			children = (
				D62E36E62AC6E935008F80D8 /* Helper */,
				D65B167F2ABB0C1A008E0CF3 /* AuthenticationViewModel.swift */,
				D65B16672ABAAA24008E0CF3 /* AuthenticationManager.swift */,
				D65B165F2ABAA911008E0CF3 /* AuthenticationView.swift */,
				D65B16732ABAFE80008E0CF3 /* SubView */,
			);
			path = Authentication;
			sourceTree = "<group>";
		};
		D65B166F2ABAF97A008E0CF3 /* Frameworks */ = {
			isa = PBXGroup;
			children = (
			);
			name = Frameworks;
			sourceTree = "<group>";
		};
		D65B16722ABAFA00008E0CF3 /* Core */ = {
			isa = PBXGroup;
			children = (
				D61C94A92AC08205000562E9 /* Root */,
				D642F5D82AC9C509009F76BC /* Products */,
				D65B167C2ABB05EF008E0CF3 /* Firestore */,
				D65B165D2ABAA8CE008E0CF3 /* Authentication */,
				D65B16792ABAFFD3008E0CF3 /* Profile */,
				D65B16762ABAFF57008E0CF3 /* Settings */,
			);
			path = Core;
			sourceTree = "<group>";
		};
		D65B16732ABAFE80008E0CF3 /* SubView */ = {
			isa = PBXGroup;
			children = (
				D65B16612ABAA94F008E0CF3 /* SignInEmailView.swift */,
				D65B16742ABAFEA3008E0CF3 /* SignInViewModel.swift */,
			);
			path = SubView;
			sourceTree = "<group>";
		};
		D65B16762ABAFF57008E0CF3 /* Settings */ = {
			isa = PBXGroup;
			children = (
				D65B16652ABAA9A2008E0CF3 /* SettingsView.swift */,
				D65B16772ABAFF77008E0CF3 /* SettingsViewModel.swift */,
			);
			path = Settings;
			sourceTree = "<group>";
		};
		D65B16792ABAFFD3008E0CF3 /* Profile */ = {
			isa = PBXGroup;
			children = (
				D65B167A2ABAFFE2008E0CF3 /* ProfileView.swift */,
			);
			path = Profile;
			sourceTree = "<group>";
		};
		D65B167C2ABB05EF008E0CF3 /* Firestore */ = {
			isa = PBXGroup;
			children = (
				D65B167D2ABB060B008E0CF3 /* UserManager.swift */,
				D642F5DB2AC9C8FB009F76BC /* ProductManager.swift */,
			);
			path = Firestore;
			sourceTree = "<group>";
		};
		D6C83F8E2AC2FB9600357C25 /* Utilities */ = {
			isa = PBXGroup;
			children = (
				D6C83F8F2AC2FBC800357C25 /* Utitlities.swift */,
				D642F5D62AC9C2AE009F76BC /* ProductsDatabase.swift */,
			);
			path = Utilities;
			sourceTree = "<group>";
		};
/* End PBXGroup section */

/* Begin PBXNativeTarget section */
		D65B16422ABAA40F008E0CF3 /* SwiftUIFirebase */ = {
			isa = PBXNativeTarget;
			buildConfigurationList = D65B16512ABAA410008E0CF3 /* Build configuration list for PBXNativeTarget "SwiftUIFirebase" */;
			buildPhases = (
				D65B163F2ABAA40F008E0CF3 /* Sources */,
				D65B16402ABAA40F008E0CF3 /* Frameworks */,
				D65B16412ABAA40F008E0CF3 /* Resources */,
			);
			buildRules = (
			);
			dependencies = (
			);
			name = SwiftUIFirebase;
			packageProductDependencies = (
				D65B16572ABAA797008E0CF3 /* FirebaseAnalytics */,
				D65B16592ABAA797008E0CF3 /* FirebaseAnalyticsSwift */,
				D65B165B2ABAA797008E0CF3 /* FirebaseAuth */,
				D65B166A2ABAE1CC008E0CF3 /* GoogleSignIn */,
				D65B166C2ABAE1CC008E0CF3 /* GoogleSignInSwift */,
				D65B16702ABAF97B008E0CF3 /* FirebaseFirestore */,
				D62E36E72AC6E9F9008F80D8 /* FirebaseFirestoreSwift */,
			);
			productName = SwiftUIFirebase;
			productReference = D65B16432ABAA40F008E0CF3 /* SwiftUIFirebase.app */;
			productType = "com.apple.product-type.application";
		};
/* End PBXNativeTarget section */

/* Begin PBXProject section */
		D65B163B2ABAA40F008E0CF3 /* Project object */ = {
			isa = PBXProject;
			attributes = {
				BuildIndependentTargetsInParallel = 1;
				LastSwiftUpdateCheck = 1430;
				LastUpgradeCheck = 1430;
				TargetAttributes = {
					D65B16422ABAA40F008E0CF3 = {
						CreatedOnToolsVersion = 14.3.1;
					};
				};
			};
			buildConfigurationList = D65B163E2ABAA40F008E0CF3 /* Build configuration list for PBXProject "SwiftUIFirebase" */;
			compatibilityVersion = "Xcode 14.0";
			developmentRegion = en;
			hasScannedForEncodings = 0;
			knownRegions = (
				en,
				Base,
			);
			mainGroup = D65B163A2ABAA40F008E0CF3;
			packageReferences = (
				D65B16562ABAA797008E0CF3 /* XCRemoteSwiftPackageReference "firebase-ios-sdk" */,
				D65B16692ABAE1CC008E0CF3 /* XCRemoteSwiftPackageReference "GoogleSignIn-iOS" */,
			);
			productRefGroup = D65B16442ABAA40F008E0CF3 /* Products */;
			projectDirPath = "";
			projectRoot = "";
			targets = (
				D65B16422ABAA40F008E0CF3 /* SwiftUIFirebase */,
			);
		};
/* End PBXProject section */

/* Begin PBXResourcesBuildPhase section */
		D65B16412ABAA40F008E0CF3 /* Resources */ = {
			isa = PBXResourcesBuildPhase;
			buildActionMask = 2147483647;
			files = (
				D65B164E2ABAA410008E0CF3 /* Preview Assets.xcassets in Resources */,
				D65B164B2ABAA410008E0CF3 /* Assets.xcassets in Resources */,
				D62E36E52AC6E8D0008F80D8 /* GoogleService-Info.plist in Resources */,
			);
			runOnlyForDeploymentPostprocessing = 0;
		};
/* End PBXResourcesBuildPhase section */

/* Begin PBXSourcesBuildPhase section */
		D65B163F2ABAA40F008E0CF3 /* Sources */ = {
			isa = PBXSourcesBuildPhase;
			buildActionMask = 2147483647;
			files = (
				D65B16802ABB0C1A008E0CF3 /* AuthenticationViewModel.swift in Sources */,
				D65B16492ABAA40F008E0CF3 /* ContentView.swift in Sources */,
				D65B16472ABAA40F008E0CF3 /* SwiftUIFirebaseApp.swift in Sources */,
				D65B167B2ABAFFE2008E0CF3 /* ProfileView.swift in Sources */,
				D65B16682ABAAA24008E0CF3 /* AuthenticationManager.swift in Sources */,
				D65B16602ABAA911008E0CF3 /* AuthenticationView.swift in Sources */,
				D65B16752ABAFEA3008E0CF3 /* SignInViewModel.swift in Sources */,
				D65B16662ABAA9A2008E0CF3 /* SettingsView.swift in Sources */,
				D6C83F922AC30C2E00357C25 /* SignInGoogleHelper.swift in Sources */,
				D65B16622ABAA94F008E0CF3 /* SignInEmailView.swift in Sources */,
				D642F5DF2AC9D5BB009F76BC /* ProductCellView.swift in Sources */,
				D65B16642ABAA978008E0CF3 /* RootView.swift in Sources */,
				D642F5DC2AC9C8FB009F76BC /* ProductManager.swift in Sources */,
				D65B167E2ABB060B008E0CF3 /* UserManager.swift in Sources */,
				D642F5DA2AC9C526009F76BC /* ProductsView.swift in Sources */,
				D65B16782ABAFF77008E0CF3 /* SettingsViewModel.swift in Sources */,
				D642F5D72AC9C2AE009F76BC /* ProductsDatabase.swift in Sources */,
				D6C83F902AC2FBC800357C25 /* Utitlities.swift in Sources */,
			);
			runOnlyForDeploymentPostprocessing = 0;
		};
/* End PBXSourcesBuildPhase section */

/* Begin XCBuildConfiguration section */
		D65B164F2ABAA410008E0CF3 /* Debug */ = {
			isa = XCBuildConfiguration;
			buildSettings = {
				ALWAYS_SEARCH_USER_PATHS = NO;
				CLANG_ANALYZER_NONNULL = YES;
				CLANG_ANALYZER_NUMBER_OBJECT_CONVERSION = YES_AGGRESSIVE;
				CLANG_CXX_LANGUAGE_STANDARD = "gnu++20";
				CLANG_ENABLE_MODULES = YES;
				CLANG_ENABLE_OBJC_ARC = YES;
				CLANG_ENABLE_OBJC_WEAK = YES;
				CLANG_WARN_BLOCK_CAPTURE_AUTORELEASING = YES;
				CLANG_WARN_BOOL_CONVERSION = YES;
				CLANG_WARN_COMMA = YES;
				CLANG_WARN_CONSTANT_CONVERSION = YES;
				CLANG_WARN_DEPRECATED_OBJC_IMPLEMENTATIONS = YES;
				CLANG_WARN_DIRECT_OBJC_ISA_USAGE = YES_ERROR;
				CLANG_WARN_DOCUMENTATION_COMMENTS = YES;
				CLANG_WARN_EMPTY_BODY = YES;
				CLANG_WARN_ENUM_CONVERSION = YES;
				CLANG_WARN_INFINITE_RECURSION = YES;
				CLANG_WARN_INT_CONVERSION = YES;
				CLANG_WARN_NON_LITERAL_NULL_CONVERSION = YES;
				CLANG_WARN_OBJC_IMPLICIT_RETAIN_SELF = YES;
				CLANG_WARN_OBJC_LITERAL_CONVERSION = YES;
				CLANG_WARN_OBJC_ROOT_CLASS = YES_ERROR;
				CLANG_WARN_QUOTED_INCLUDE_IN_FRAMEWORK_HEADER = YES;
				CLANG_WARN_RANGE_LOOP_ANALYSIS = YES;
				CLANG_WARN_STRICT_PROTOTYPES = YES;
				CLANG_WARN_SUSPICIOUS_MOVE = YES;
				CLANG_WARN_UNGUARDED_AVAILABILITY = YES_AGGRESSIVE;
				CLANG_WARN_UNREACHABLE_CODE = YES;
				CLANG_WARN__DUPLICATE_METHOD_MATCH = YES;
				COPY_PHASE_STRIP = NO;
				DEBUG_INFORMATION_FORMAT = dwarf;
				ENABLE_STRICT_OBJC_MSGSEND = YES;
				ENABLE_TESTABILITY = YES;
				GCC_C_LANGUAGE_STANDARD = gnu11;
				GCC_DYNAMIC_NO_PIC = NO;
				GCC_NO_COMMON_BLOCKS = YES;
				GCC_OPTIMIZATION_LEVEL = 0;
				GCC_PREPROCESSOR_DEFINITIONS = (
					"DEBUG=1",
					"$(inherited)",
				);
				GCC_WARN_64_TO_32_BIT_CONVERSION = YES;
				GCC_WARN_ABOUT_RETURN_TYPE = YES_ERROR;
				GCC_WARN_UNDECLARED_SELECTOR = YES;
				GCC_WARN_UNINITIALIZED_AUTOS = YES_AGGRESSIVE;
				GCC_WARN_UNUSED_FUNCTION = YES;
				GCC_WARN_UNUSED_VARIABLE = YES;
				IPHONEOS_DEPLOYMENT_TARGET = 16.4;
				MTL_ENABLE_DEBUG_INFO = INCLUDE_SOURCE;
				MTL_FAST_MATH = YES;
				ONLY_ACTIVE_ARCH = YES;
				SDKROOT = iphoneos;
				SWIFT_ACTIVE_COMPILATION_CONDITIONS = DEBUG;
				SWIFT_OPTIMIZATION_LEVEL = "-Onone";
			};
			name = Debug;
		};
		D65B16502ABAA410008E0CF3 /* Release */ = {
			isa = XCBuildConfiguration;
			buildSettings = {
				ALWAYS_SEARCH_USER_PATHS = NO;
				CLANG_ANALYZER_NONNULL = YES;
				CLANG_ANALYZER_NUMBER_OBJECT_CONVERSION = YES_AGGRESSIVE;
				CLANG_CXX_LANGUAGE_STANDARD = "gnu++20";
				CLANG_ENABLE_MODULES = YES;
				CLANG_ENABLE_OBJC_ARC = YES;
				CLANG_ENABLE_OBJC_WEAK = YES;
				CLANG_WARN_BLOCK_CAPTURE_AUTORELEASING = YES;
				CLANG_WARN_BOOL_CONVERSION = YES;
				CLANG_WARN_COMMA = YES;
				CLANG_WARN_CONSTANT_CONVERSION = YES;
				CLANG_WARN_DEPRECATED_OBJC_IMPLEMENTATIONS = YES;
				CLANG_WARN_DIRECT_OBJC_ISA_USAGE = YES_ERROR;
				CLANG_WARN_DOCUMENTATION_COMMENTS = YES;
				CLANG_WARN_EMPTY_BODY = YES;
				CLANG_WARN_ENUM_CONVERSION = YES;
				CLANG_WARN_INFINITE_RECURSION = YES;
				CLANG_WARN_INT_CONVERSION = YES;
				CLANG_WARN_NON_LITERAL_NULL_CONVERSION = YES;
				CLANG_WARN_OBJC_IMPLICIT_RETAIN_SELF = YES;
				CLANG_WARN_OBJC_LITERAL_CONVERSION = YES;
				CLANG_WARN_OBJC_ROOT_CLASS = YES_ERROR;
				CLANG_WARN_QUOTED_INCLUDE_IN_FRAMEWORK_HEADER = YES;
				CLANG_WARN_RANGE_LOOP_ANALYSIS = YES;
				CLANG_WARN_STRICT_PROTOTYPES = YES;
				CLANG_WARN_SUSPICIOUS_MOVE = YES;
				CLANG_WARN_UNGUARDED_AVAILABILITY = YES_AGGRESSIVE;
				CLANG_WARN_UNREACHABLE_CODE = YES;
				CLANG_WARN__DUPLICATE_METHOD_MATCH = YES;
				COPY_PHASE_STRIP = NO;
				DEBUG_INFORMATION_FORMAT = "dwarf-with-dsym";
				ENABLE_NS_ASSERTIONS = NO;
				ENABLE_STRICT_OBJC_MSGSEND = YES;
				GCC_C_LANGUAGE_STANDARD = gnu11;
				GCC_NO_COMMON_BLOCKS = YES;
				GCC_WARN_64_TO_32_BIT_CONVERSION = YES;
				GCC_WARN_ABOUT_RETURN_TYPE = YES_ERROR;
				GCC_WARN_UNDECLARED_SELECTOR = YES;
				GCC_WARN_UNINITIALIZED_AUTOS = YES_AGGRESSIVE;
				GCC_WARN_UNUSED_FUNCTION = YES;
				GCC_WARN_UNUSED_VARIABLE = YES;
				IPHONEOS_DEPLOYMENT_TARGET = 16.4;
				MTL_ENABLE_DEBUG_INFO = NO;
				MTL_FAST_MATH = YES;
				SDKROOT = iphoneos;
				SWIFT_COMPILATION_MODE = wholemodule;
				SWIFT_OPTIMIZATION_LEVEL = "-O";
				VALIDATE_PRODUCT = YES;
			};
			name = Release;
		};
		D65B16522ABAA410008E0CF3 /* Debug */ = {
			isa = XCBuildConfiguration;
			buildSettings = {
				ASSETCATALOG_COMPILER_APPICON_NAME = AppIcon;
				ASSETCATALOG_COMPILER_GLOBAL_ACCENT_COLOR_NAME = AccentColor;
				CODE_SIGN_STYLE = Automatic;
				CURRENT_PROJECT_VERSION = 1;
				DEVELOPMENT_ASSET_PATHS = "\"SwiftUIFirebase/Preview Content\"";
				ENABLE_PREVIEWS = YES;
				GENERATE_INFOPLIST_FILE = YES;
				INFOPLIST_FILE = SwiftUIFirebase/Info.plist;
				INFOPLIST_KEY_UIApplicationSceneManifest_Generation = YES;
				INFOPLIST_KEY_UIApplicationSupportsIndirectInputEvents = YES;
				INFOPLIST_KEY_UILaunchScreen_Generation = YES;
				INFOPLIST_KEY_UISupportedInterfaceOrientations_iPad = "UIInterfaceOrientationPortrait UIInterfaceOrientationPortraitUpsideDown UIInterfaceOrientationLandscapeLeft UIInterfaceOrientationLandscapeRight";
				INFOPLIST_KEY_UISupportedInterfaceOrientations_iPhone = "UIInterfaceOrientationPortrait UIInterfaceOrientationLandscapeLeft UIInterfaceOrientationLandscapeRight";
				LD_RUNPATH_SEARCH_PATHS = (
					"$(inherited)",
					"@executable_path/Frameworks",
				);
				MARKETING_VERSION = 1.0;
				PRODUCT_BUNDLE_IDENTIFIER = GoncalvesHigino.SwiftUIFirebase;
				PRODUCT_NAME = "$(TARGET_NAME)";
				SWIFT_EMIT_LOC_STRINGS = YES;
				SWIFT_VERSION = 5.0;
				TARGETED_DEVICE_FAMILY = "1,2";
			};
			name = Debug;
		};
		D65B16532ABAA410008E0CF3 /* Release */ = {
			isa = XCBuildConfiguration;
			buildSettings = {
				ASSETCATALOG_COMPILER_APPICON_NAME = AppIcon;
				ASSETCATALOG_COMPILER_GLOBAL_ACCENT_COLOR_NAME = AccentColor;
				CODE_SIGN_STYLE = Automatic;
				CURRENT_PROJECT_VERSION = 1;
				DEVELOPMENT_ASSET_PATHS = "\"SwiftUIFirebase/Preview Content\"";
				ENABLE_PREVIEWS = YES;
				GENERATE_INFOPLIST_FILE = YES;
				INFOPLIST_FILE = SwiftUIFirebase/Info.plist;
				INFOPLIST_KEY_UIApplicationSceneManifest_Generation = YES;
				INFOPLIST_KEY_UIApplicationSupportsIndirectInputEvents = YES;
				INFOPLIST_KEY_UILaunchScreen_Generation = YES;
				INFOPLIST_KEY_UISupportedInterfaceOrientations_iPad = "UIInterfaceOrientationPortrait UIInterfaceOrientationPortraitUpsideDown UIInterfaceOrientationLandscapeLeft UIInterfaceOrientationLandscapeRight";
				INFOPLIST_KEY_UISupportedInterfaceOrientations_iPhone = "UIInterfaceOrientationPortrait UIInterfaceOrientationLandscapeLeft UIInterfaceOrientationLandscapeRight";
				LD_RUNPATH_SEARCH_PATHS = (
					"$(inherited)",
					"@executable_path/Frameworks",
				);
				MARKETING_VERSION = 1.0;
				PRODUCT_BUNDLE_IDENTIFIER = GoncalvesHigino.SwiftUIFirebase;
				PRODUCT_NAME = "$(TARGET_NAME)";
				SWIFT_EMIT_LOC_STRINGS = YES;
				SWIFT_VERSION = 5.0;
				TARGETED_DEVICE_FAMILY = "1,2";
			};
			name = Release;
		};
/* End XCBuildConfiguration section */

/* Begin XCConfigurationList section */
		D65B163E2ABAA40F008E0CF3 /* Build configuration list for PBXProject "SwiftUIFirebase" */ = {
			isa = XCConfigurationList;
			buildConfigurations = (
				D65B164F2ABAA410008E0CF3 /* Debug */,
				D65B16502ABAA410008E0CF3 /* Release */,
			);
			defaultConfigurationIsVisible = 0;
			defaultConfigurationName = Release;
		};
		D65B16512ABAA410008E0CF3 /* Build configuration list for PBXNativeTarget "SwiftUIFirebase" */ = {
			isa = XCConfigurationList;
			buildConfigurations = (
				D65B16522ABAA410008E0CF3 /* Debug */,
				D65B16532ABAA410008E0CF3 /* Release */,
			);
			defaultConfigurationIsVisible = 0;
			defaultConfigurationName = Release;
		};
/* End XCConfigurationList section */

/* Begin XCRemoteSwiftPackageReference section */
		D65B16562ABAA797008E0CF3 /* XCRemoteSwiftPackageReference "firebase-ios-sdk" */ = {
			isa = XCRemoteSwiftPackageReference;
			repositoryURL = "https://github.com/firebase/firebase-ios-sdk.git";
			requirement = {
				kind = exactVersion;
				version = 10.15.0;
			};
		};
		D65B16692ABAE1CC008E0CF3 /* XCRemoteSwiftPackageReference "GoogleSignIn-iOS" */ = {
			isa = XCRemoteSwiftPackageReference;
			repositoryURL = "https://github.com/google/GoogleSignIn-iOS.git";
			requirement = {
				kind = upToNextMajorVersion;
				minimumVersion = 7.0.0;
			};
		};
/* End XCRemoteSwiftPackageReference section */

/* Begin XCSwiftPackageProductDependency section */
		D62E36E72AC6E9F9008F80D8 /* FirebaseFirestoreSwift */ = {
			isa = XCSwiftPackageProductDependency;
			package = D65B16562ABAA797008E0CF3 /* XCRemoteSwiftPackageReference "firebase-ios-sdk" */;
			productName = FirebaseFirestoreSwift;
		};
		D65B16572ABAA797008E0CF3 /* FirebaseAnalytics */ = {
			isa = XCSwiftPackageProductDependency;
			package = D65B16562ABAA797008E0CF3 /* XCRemoteSwiftPackageReference "firebase-ios-sdk" */;
			productName = FirebaseAnalytics;
		};
		D65B16592ABAA797008E0CF3 /* FirebaseAnalyticsSwift */ = {
			isa = XCSwiftPackageProductDependency;
			package = D65B16562ABAA797008E0CF3 /* XCRemoteSwiftPackageReference "firebase-ios-sdk" */;
			productName = FirebaseAnalyticsSwift;
		};
		D65B165B2ABAA797008E0CF3 /* FirebaseAuth */ = {
			isa = XCSwiftPackageProductDependency;
			package = D65B16562ABAA797008E0CF3 /* XCRemoteSwiftPackageReference "firebase-ios-sdk" */;
			productName = FirebaseAuth;
		};
		D65B166A2ABAE1CC008E0CF3 /* GoogleSignIn */ = {
			isa = XCSwiftPackageProductDependency;
			package = D65B16692ABAE1CC008E0CF3 /* XCRemoteSwiftPackageReference "GoogleSignIn-iOS" */;
			productName = GoogleSignIn;
		};
		D65B166C2ABAE1CC008E0CF3 /* GoogleSignInSwift */ = {
			isa = XCSwiftPackageProductDependency;
			package = D65B16692ABAE1CC008E0CF3 /* XCRemoteSwiftPackageReference "GoogleSignIn-iOS" */;
			productName = GoogleSignInSwift;
		};
		D65B16702ABAF97B008E0CF3 /* FirebaseFirestore */ = {
			isa = XCSwiftPackageProductDependency;
			package = D65B16562ABAA797008E0CF3 /* XCRemoteSwiftPackageReference "firebase-ios-sdk" */;
			productName = FirebaseFirestore;
		};
/* End XCSwiftPackageProductDependency section */
	};
	rootObject = D65B163B2ABAA40F008E0CF3 /* Project object */;
}
